
Microsoft Visual Studio Solution File, Format Version 12.00
# Visual Studio Version 17
VisualStudioVersion = 17.14.36109.1
MinimumVisualStudioVersion = 10.0.40219.1
Project("{FAE04EC0-301F-11D3-BF4B-00C04F79EFBC}") = "ProductManagement", "ProductManagement.csproj", "{AD12CF6A-4C47-4E60-A2C3-272225E4CBC4}"
EndProject
Project("{2150E333-8FDC-42A3-9474-1A3956D46DE8}") = "Solution Items", "Solution Items", "{8EC462FD-D22E-90A8-E5CE-7E832BA40C5D}"
	ProjectSection(SolutionItems) = preProject
		Class1.cs = Class1.cs
	EndProjectSection
EndProject
Project("{FAE04EC0-301F-11D3-BF4B-00C04F79EFBC}") = "ProductManagementAPI", "..\ProductManagementAPI\ProductManagementAPI.csproj", "{093F4967-3D1D-4D69-AE4B-8D5B3CC2FBF9}"
EndProject
Global
	GlobalSection(SolutionConfigurationPlatforms) = preSolution
		Debug|Any CPU = Debug|Any CPU
		Release|Any CPU = Release|Any CPU
	EndGlobalSection
	GlobalSection(ProjectConfigurationPlatforms) = postSolution
		{AD12CF6A-4C47-4E60-A2C3-272225E4CBC4}.Debug|Any CPU.ActiveCfg = Debug|Any CPU
		{AD12CF6A-4C47-4E60-A2C3-272225E4CBC4}.Debug|Any CPU.Build.0 = Debug|Any CPU
		{AD12CF6A-4C47-4E60-A2C3-272225E4CBC4}.Release|Any CPU.ActiveCfg = Release|Any CPU
		{AD12CF6A-4C47-4E60-A2C3-272225E4CBC4}.Release|Any CPU.Build.0 = Release|Any CPU
		{093F4967-3D1D-4D69-AE4B-8D5B3CC2FBF9}.Debug|Any CPU.ActiveCfg = Debug|Any CPU
		{093F4967-3D1D-4D69-AE4B-8D5B3CC2FBF9}.Debug|Any CPU.Build.0 = Debug|Any CPU
		{093F4967-3D1D-4D69-AE4B-8D5B3CC2FBF9}.Release|Any CPU.ActiveCfg = Release|Any CPU
		{093F4967-3D1D-4D69-AE4B-8D5B3CC2FBF9}.Release|Any CPU.Build.0 = Release|Any CPU
	EndGlobalSection
	GlobalSection(SolutionProperties) = preSolution
		HideSolutionNode = FALSE
	EndGlobalSection
	GlobalSection(ExtensibilityGlobals) = postSolution
		SolutionGuid = {71C92EFE-B75C-4FB4-B2EF-9F21BF53F660}
	EndGlobalSection
EndGlobal
